
Microsoft Visual Studio Solution File, Format Version 12.00
# Visual Studio Version 17
VisualStudioVersion = 17.7.34221.43
MinimumVisualStudioVersion = 10.0.40219.1
Project("{FAE04EC0-301F-11D3-BF4B-00C04F79EFBC}") = "juego de roles polimorfismo", "juego de roles polimorfismo\juego de roles polimorfismo.csproj", "{B7E58711-C9CF-4813-BB0D-D06E2A617642}"
EndProject
Global
	GlobalSection(SolutionConfigurationPlatforms) = preSolution
		Debug|Any CPU = Debug|Any CPU
		Release|Any CPU = Release|Any CPU
	EndGlobalSection
	GlobalSection(ProjectConfigurationPlatforms) = postSolution
		{B7E58711-C9CF-4813-BB0D-D06E2A617642}.Debug|Any CPU.ActiveCfg = Debug|Any CPU
		{B7E58711-C9CF-4813-BB0D-D06E2A617642}.Debug|Any CPU.Build.0 = Debug|Any CPU
		{B7E58711-C9CF-4813-BB0D-D06E2A617642}.Release|Any CPU.ActiveCfg = Release|Any CPU
		{B7E58711-C9CF-4813-BB0D-D06E2A617642}.Release|Any CPU.Build.0 = Release|Any CPU
	EndGlobalSection
	GlobalSection(SolutionProperties) = preSolution
		HideSolutionNode = FALSE
	EndGlobalSection
	GlobalSection(ExtensibilityGlobals) = postSolution
		SolutionGuid = {414CD54D-7439-49B6-9536-DC9259B3B9B7}
	EndGlobalSection
EndGlobal
